
Microsoft Visual Studio Solution File, Format Version 12.00
Project("{FAE04EC0-301F-11D3-BF4B-00C04F79EFBC}") = "01.ExtractPersonInformation", "01.ExtractPersonInformation\01.ExtractPersonInformation.csproj", "{FA22EF29-05F7-4A38-BCE6-EA1D4D59B8F2}"
EndProject
Project("{FAE04EC0-301F-11D3-BF4B-00C04F79EFBC}") = "02.AsciiSumator", "02.AsciiSumator\02.AsciiSumator.csproj", "{98AB2D67-EF8E-432D-94E5-E94569B34900}"
EndProject
Project("{FAE04EC0-301F-11D3-BF4B-00C04F79EFBC}") = "03.TreasureFinder", "03.TreasureFinder\03.TreasureFinder.csproj", "{D924B7E3-7893-469B-B7A9-3B1F99CB59D3}"
EndProject
Project("{FAE04EC0-301F-11D3-BF4B-00C04F79EFBC}") = "04.MorseCodeTranslator", "04.MorseCodeTranslator\04.MorseCodeTranslator.csproj", "{CDAD2123-D54E-44E7-BC47-404F6089B5CF}"
EndProject
Project("{FAE04EC0-301F-11D3-BF4B-00C04F79EFBC}") = "05.HTML", "05.HTML\05.HTML.csproj", "{D309B70A-D665-4BA6-80C0-775997F9C71D}"
EndProject
Global
	GlobalSection(SolutionConfigurationPlatforms) = preSolution
		Debug|Any CPU = Debug|Any CPU
		Release|Any CPU = Release|Any CPU
	EndGlobalSection
	GlobalSection(ProjectConfigurationPlatforms) = postSolution
		{FA22EF29-05F7-4A38-BCE6-EA1D4D59B8F2}.Debug|Any CPU.ActiveCfg = Debug|Any CPU
		{FA22EF29-05F7-4A38-BCE6-EA1D4D59B8F2}.Debug|Any CPU.Build.0 = Debug|Any CPU
		{FA22EF29-05F7-4A38-BCE6-EA1D4D59B8F2}.Release|Any CPU.ActiveCfg = Release|Any CPU
		{FA22EF29-05F7-4A38-BCE6-EA1D4D59B8F2}.Release|Any CPU.Build.0 = Release|Any CPU
		{98AB2D67-EF8E-432D-94E5-E94569B34900}.Debug|Any CPU.ActiveCfg = Debug|Any CPU
		{98AB2D67-EF8E-432D-94E5-E94569B34900}.Debug|Any CPU.Build.0 = Debug|Any CPU
		{98AB2D67-EF8E-432D-94E5-E94569B34900}.Release|Any CPU.ActiveCfg = Release|Any CPU
		{98AB2D67-EF8E-432D-94E5-E94569B34900}.Release|Any CPU.Build.0 = Release|Any CPU
		{D924B7E3-7893-469B-B7A9-3B1F99CB59D3}.Debug|Any CPU.ActiveCfg = Debug|Any CPU
		{D924B7E3-7893-469B-B7A9-3B1F99CB59D3}.Debug|Any CPU.Build.0 = Debug|Any CPU
		{D924B7E3-7893-469B-B7A9-3B1F99CB59D3}.Release|Any CPU.ActiveCfg = Release|Any CPU
		{D924B7E3-7893-469B-B7A9-3B1F99CB59D3}.Release|Any CPU.Build.0 = Release|Any CPU
		{CDAD2123-D54E-44E7-BC47-404F6089B5CF}.Debug|Any CPU.ActiveCfg = Debug|Any CPU
		{CDAD2123-D54E-44E7-BC47-404F6089B5CF}.Debug|Any CPU.Build.0 = Debug|Any CPU
		{CDAD2123-D54E-44E7-BC47-404F6089B5CF}.Release|Any CPU.ActiveCfg = Release|Any CPU
		{CDAD2123-D54E-44E7-BC47-404F6089B5CF}.Release|Any CPU.Build.0 = Release|Any CPU
		{D309B70A-D665-4BA6-80C0-775997F9C71D}.Debug|Any CPU.ActiveCfg = Debug|Any CPU
		{D309B70A-D665-4BA6-80C0-775997F9C71D}.Debug|Any CPU.Build.0 = Debug|Any CPU
		{D309B70A-D665-4BA6-80C0-775997F9C71D}.Release|Any CPU.ActiveCfg = Release|Any CPU
		{D309B70A-D665-4BA6-80C0-775997F9C71D}.Release|Any CPU.Build.0 = Release|Any CPU
	EndGlobalSection
EndGlobal
